{
  "factory": "jebbdykstra99/subx-factory",
  "version": "v1.0.0",
  "room": "ciachat",
  "siteId": "cia",
  "files": {
    "factory.js": "7466eefc88f4103dcc159bcea5a788d35dc4b1402ffba14b270f3ede99b610d0",
    "styles.css": "c66445283214e72441c02b46ed317ad0a9bdf347870ee6870f7699c1f5ebd520"
  },
  "keepFiles": [],
  "exceptions": "see subx-factory EXCEPTIONS.md",
  "stampedAt": "2026-10-09T03:49:24Z"
}
